
Microsoft Visual Studio Solution File, Format Version 12.00
# Visual Studio Version 17
VisualStudioVersion = 17.8.34511.84
MinimumVisualStudioVersion = 10.0.40219.1
Project("{FAE04EC0-301F-11D3-BF4B-00C04F79EFBC}") = "ContaTasse", "ContaTasse.csproj", "{66D52716-3D6D-4219-83AD-44298964E633}"
EndProject
Global
	GlobalSection(SolutionConfigurationPlatforms) = preSolution
		Debug|Any CPU = Debug|Any CPU
		Release|Any CPU = Release|Any CPU
	EndGlobalSection
	GlobalSection(ProjectConfigurationPlatforms) = postSolution
		{66D52716-3D6D-4219-83AD-44298964E633}.Debug|Any CPU.ActiveCfg = Debug|Any CPU
		{66D52716-3D6D-4219-83AD-44298964E633}.Debug|Any CPU.Build.0 = Debug|Any CPU
		{66D52716-3D6D-4219-83AD-44298964E633}.Release|Any CPU.ActiveCfg = Release|Any CPU
		{66D52716-3D6D-4219-83AD-44298964E633}.Release|Any CPU.Build.0 = Release|Any CPU
	EndGlobalSection
	GlobalSection(SolutionProperties) = preSolution
		HideSolutionNode = FALSE
	EndGlobalSection
	GlobalSection(ExtensibilityGlobals) = postSolution
		SolutionGuid = {6CAB343A-7643-4911-AF05-BFF34860775B}
	EndGlobalSection
EndGlobal
